
Microsoft Visual Studio Solution File, Format Version 12.00
# Visual Studio Version 17
VisualStudioVersion = 17.5.002.0
MinimumVisualStudioVersion = 10.0.40219.1
Project("{9A19103F-16F7-4668-BE54-9A1E7A4F7556}") = "vPetz", "vPetz.csproj", "{41C8A9FA-AD4A-4B16-9AAD-3992C1DD1C5C}"
EndProject
Global
	GlobalSection(SolutionConfigurationPlatforms) = preSolution
		Debug|Any CPU = Debug|Any CPU
		Release|Any CPU = Release|Any CPU
	EndGlobalSection
	GlobalSection(ProjectConfigurationPlatforms) = postSolution
		{41C8A9FA-AD4A-4B16-9AAD-3992C1DD1C5C}.Debug|Any CPU.ActiveCfg = Debug|Any CPU
		{41C8A9FA-AD4A-4B16-9AAD-3992C1DD1C5C}.Debug|Any CPU.Build.0 = Debug|Any CPU
		{41C8A9FA-AD4A-4B16-9AAD-3992C1DD1C5C}.Release|Any CPU.ActiveCfg = Release|Any CPU
		{41C8A9FA-AD4A-4B16-9AAD-3992C1DD1C5C}.Release|Any CPU.Build.0 = Release|Any CPU
	EndGlobalSection
	GlobalSection(SolutionProperties) = preSolution
		HideSolutionNode = FALSE
	EndGlobalSection
	GlobalSection(ExtensibilityGlobals) = postSolution
		SolutionGuid = {084BB62E-FE69-4B6D-A21A-057EF0797C75}
	EndGlobalSection
EndGlobal
